// !$*UTF8*$!
{
	archiveVersion = 1;
	classes = {
	};
	objectVersion = 77;
	objects = {

/* Begin PBXBuildFile section */
		AC3F21E82F6325DE002ED95D /* FirebaseAuth in Frameworks */ = {isa = PBXBuildFile; productRef = AC3F21E72F6325DE002ED95D /* FirebaseAuth */; };
		AC3F21EA2F6325DE002ED95D /* FirebaseAuthCombine-Community in Frameworks */ = {isa = PBXBuildFile; productRef = AC3F21E92F6325DE002ED95D /* FirebaseAuthCombine-Community */; };
		AC3F21EC2F6325DE002ED95D /* FirebaseFirestore in Frameworks */ = {isa = PBXBuildFile; productRef = AC3F21EB2F6325DE002ED95D /* FirebaseFirestore */; };
		AC3F21EE2F6325DE002ED95D /* FirebaseFirestoreCombine-Community in Frameworks */ = {isa = PBXBuildFile; productRef = AC3F21ED2F6325DE002ED95D /* FirebaseFirestoreCombine-Community */; };
		AC3F21F02F6325DE002ED95D /* FirebaseStorage in Frameworks */ = {isa = PBXBuildFile; productRef = AC3F21EF2F6325DE002ED95D /* FirebaseStorage */; };
		AC3F21F22F6325DE002ED95D /* FirebaseStorageCombine-Community in Frameworks */ = {isa = PBXBuildFile; productRef = AC3F21F12F6325DE002ED95D /* FirebaseStorageCombine-Community */; };
		AC52439F2FA18E2F0006A335 /* WidgetKit.framework in Frameworks */ = {isa = PBXBuildFile; fileRef = AC52439E2FA18E2F0006A335 /* WidgetKit.framework */; };
		AC5243A12FA18E2F0006A335 /* SwiftUI.framework in Frameworks */ = {isa = PBXBuildFile; fileRef = AC5243A02FA18E2F0006A335 /* SwiftUI.framework */; };
		AC5243B22FA18E300006A335 /* RouteWidgetExtensionExtension.appex in Embed Foundation Extensions */ = {isa = PBXBuildFile; fileRef = AC52439D2FA18E2F0006A335 /* RouteWidgetExtensionExtension.appex */; settings = {ATTRIBUTES = (RemoveHeadersOnCopy, ); }; };
		AC8E36412F6487C500AD647F /* FirebaseFunctions in Frameworks */ = {isa = PBXBuildFile; productRef = AC8E36402F6487C500AD647F /* FirebaseFunctions */; };
		AC8E36432F6487CD00AD647F /* FirebaseFunctionsCombine-Community in Frameworks */ = {isa = PBXBuildFile; productRef = AC8E36422F6487CD00AD647F /* FirebaseFunctionsCombine-Community */; };
/* End PBXBuildFile section */

/* Begin PBXContainerItemProxy section */
		AC5243B02FA18E300006A335 /* PBXContainerItemProxy */ = {
			isa = PBXContainerItemProxy;
			containerPortal = AC79A5452F5D117F00067833 /* Project object */;
			proxyType = 1;
			remoteGlobalIDString = AC52439C2FA18E2F0006A335;
			remoteInfo = RouteWidgetExtensionExtension;
		};
/* End PBXContainerItemProxy section */

/* Begin PBXCopyFilesBuildPhase section */
		AC5243B72FA18E300006A335 /* Embed Foundation Extensions */ = {
			isa = PBXCopyFilesBuildPhase;
			buildActionMask = 2147483647;
			dstPath = "";
			dstSubfolderSpec = 13;
			files = (
				AC5243B22FA18E300006A335 /* RouteWidgetExtensionExtension.appex in Embed Foundation Extensions */,
			);
			name = "Embed Foundation Extensions";
			runOnlyForDeploymentPostprocessing = 0;
		};
/* End PBXCopyFilesBuildPhase section */

/* Begin PBXFileReference section */
		AC52439D2FA18E2F0006A335 /* RouteWidgetExtensionExtension.appex */ = {isa = PBXFileReference; explicitFileType = "wrapper.app-extension"; includeInIndex = 0; path = RouteWidgetExtensionExtension.appex; sourceTree = BUILT_PRODUCTS_DIR; };
		AC52439E2FA18E2F0006A335 /* WidgetKit.framework */ = {isa = PBXFileReference; lastKnownFileType = wrapper.framework; name = WidgetKit.framework; path = System/Library/Frameworks/WidgetKit.framework; sourceTree = SDKROOT; };
		AC5243A02FA18E2F0006A335 /* SwiftUI.framework */ = {isa = PBXFileReference; lastKnownFileType = wrapper.framework; name = SwiftUI.framework; path = System/Library/Frameworks/SwiftUI.framework; sourceTree = SDKROOT; };
		AC79A54D2F5D117F00067833 /* Altos del Murco.app */ = {isa = PBXFileReference; explicitFileType = wrapper.application; includeInIndex = 0; path = "Altos del Murco.app"; sourceTree = BUILT_PRODUCTS_DIR; };
/* End PBXFileReference section */

/* Begin PBXFileSystemSynchronizedBuildFileExceptionSet section */
		AC5243B32FA18E300006A335 /* Exceptions for "RouteWidgetExtension" folder in "RouteWidgetExtensionExtension" target */ = {
			isa = PBXFileSystemSynchronizedBuildFileExceptionSet;
			membershipExceptions = (
				Info.plist,
			);
			target = AC52439C2FA18E2F0006A335 /* RouteWidgetExtensionExtension */;
		};
		AC5246C42FA195110006A335 /* Exceptions for "Altos del Murco" folder in "RouteWidgetExtensionExtension" target */ = {
			isa = PBXFileSystemSynchronizedBuildFileExceptionSet;
			membershipExceptions = (
				root/feature/altos/profile/destination/RouteActivityAttributes.swift,
				root/feature/altos/profile/destination/RouteDeepLink.swift,
			);
			target = AC52439C2FA18E2F0006A335 /* RouteWidgetExtensionExtension */;
		};
/* End PBXFileSystemSynchronizedBuildFileExceptionSet section */

/* Begin PBXFileSystemSynchronizedRootGroup section */
		AC5243A22FA18E2F0006A335 /* RouteWidgetExtension */ = {
			isa = PBXFileSystemSynchronizedRootGroup;
			exceptions = (
				AC5243B32FA18E300006A335 /* Exceptions for "RouteWidgetExtension" folder in "RouteWidgetExtensionExtension" target */,
			);
			path = RouteWidgetExtension;
			sourceTree = "<group>";
		};
		AC79A54F2F5D117F00067833 /* Altos del Murco */ = {
			isa = PBXFileSystemSynchronizedRootGroup;
			exceptions = (
				AC5246C42FA195110006A335 /* Exceptions for "Altos del Murco" folder in "RouteWidgetExtensionExtension" target */,
			);
			path = "Altos del Murco";
			sourceTree = "<group>";
		};
/* End PBXFileSystemSynchronizedRootGroup section */

/* Begin PBXFrameworksBuildPhase section */
		AC52439A2FA18E2F0006A335 /* Frameworks */ = {
			isa = PBXFrameworksBuildPhase;
			buildActionMask = 2147483647;
			files = (
				AC5243A12FA18E2F0006A335 /* SwiftUI.framework in Frameworks */,
				AC52439F2FA18E2F0006A335 /* WidgetKit.framework in Frameworks */,
			);
			runOnlyForDeploymentPostprocessing = 0;
		};
		AC79A54A2F5D117F00067833 /* Frameworks */ = {
			isa = PBXFrameworksBuildPhase;
			buildActionMask = 2147483647;
			files = (
				AC3F21E82F6325DE002ED95D /* FirebaseAuth in Frameworks */,
				AC8E36412F6487C500AD647F /* FirebaseFunctions in Frameworks */,
				AC3F21EE2F6325DE002ED95D /* FirebaseFirestoreCombine-Community in Frameworks */,
				AC3F21EA2F6325DE002ED95D /* FirebaseAuthCombine-Community in Frameworks */,
				AC3F21F02F6325DE002ED95D /* FirebaseStorage in Frameworks */,
				AC3F21F22F6325DE002ED95D /* FirebaseStorageCombine-Community in Frameworks */,
				AC3F21EC2F6325DE002ED95D /* FirebaseFirestore in Frameworks */,
				AC8E36432F6487CD00AD647F /* FirebaseFunctionsCombine-Community in Frameworks */,
			);
			runOnlyForDeploymentPostprocessing = 0;
		};
/* End PBXFrameworksBuildPhase section */

/* Begin PBXGroup section */
		AC79A5442F5D117F00067833 = {
			isa = PBXGroup;
			children = (
				AC79A54F2F5D117F00067833 /* Altos del Murco */,
				AC5243A22FA18E2F0006A335 /* RouteWidgetExtension */,
				AC8E363F2F6487C500AD647F /* Frameworks */,
				AC79A54E2F5D117F00067833 /* Products */,
			);
			sourceTree = "<group>";
		};
		AC79A54E2F5D117F00067833 /* Products */ = {
			isa = PBXGroup;
			children = (
				AC79A54D2F5D117F00067833 /* Altos del Murco.app */,
				AC52439D2FA18E2F0006A335 /* RouteWidgetExtensionExtension.appex */,
			);
			name = Products;
			sourceTree = "<group>";
		};
		AC8E363F2F6487C500AD647F /* Frameworks */ = {
			isa = PBXGroup;
			children = (
				AC52439E2FA18E2F0006A335 /* WidgetKit.framework */,
				AC5243A02FA18E2F0006A335 /* SwiftUI.framework */,
			);
			name = Frameworks;
			sourceTree = "<group>";
		};
/* End PBXGroup section */

/* Begin PBXNativeTarget section */
		AC52439C2FA18E2F0006A335 /* RouteWidgetExtensionExtension */ = {
			isa = PBXNativeTarget;
			buildConfigurationList = AC5243B42FA18E300006A335 /* Build configuration list for PBXNativeTarget "RouteWidgetExtensionExtension" */;
			buildPhases = (
				AC5243992FA18E2F0006A335 /* Sources */,
				AC52439A2FA18E2F0006A335 /* Frameworks */,
				AC52439B2FA18E2F0006A335 /* Resources */,
			);
			buildRules = (
			);
			dependencies = (
			);
			fileSystemSynchronizedGroups = (
				AC5243A22FA18E2F0006A335 /* RouteWidgetExtension */,
			);
			name = RouteWidgetExtensionExtension;
			packageProductDependencies = (
			);
			productName = RouteWidgetExtensionExtension;
			productReference = AC52439D2FA18E2F0006A335 /* RouteWidgetExtensionExtension.appex */;
			productType = "com.apple.product-type.app-extension";
		};
		AC79A54C2F5D117F00067833 /* Altos del Murco */ = {
			isa = PBXNativeTarget;
			buildConfigurationList = AC79A5582F5D118000067833 /* Build configuration list for PBXNativeTarget "Altos del Murco" */;
			buildPhases = (
				AC79A5492F5D117F00067833 /* Sources */,
				AC79A54A2F5D117F00067833 /* Frameworks */,
				AC79A54B2F5D117F00067833 /* Resources */,
				AC5243B72FA18E300006A335 /* Embed Foundation Extensions */,
			);
			buildRules = (
			);
			dependencies = (
				AC5243B12FA18E300006A335 /* PBXTargetDependency */,
			);
			fileSystemSynchronizedGroups = (
				AC79A54F2F5D117F00067833 /* Altos del Murco */,
			);
			name = "Altos del Murco";
			packageProductDependencies = (
				AC3F21E72F6325DE002ED95D /* FirebaseAuth */,
				AC3F21E92F6325DE002ED95D /* FirebaseAuthCombine-Community */,
				AC3F21EB2F6325DE002ED95D /* FirebaseFirestore */,
				AC3F21ED2F6325DE002ED95D /* FirebaseFirestoreCombine-Community */,
				AC3F21EF2F6325DE002ED95D /* FirebaseStorage */,
				AC3F21F12F6325DE002ED95D /* FirebaseStorageCombine-Community */,
				AC8E36402F6487C500AD647F /* FirebaseFunctions */,
				AC8E36422F6487CD00AD647F /* FirebaseFunctionsCombine-Community */,
			);
			productName = "Altos del Murco";
			productReference = AC79A54D2F5D117F00067833 /* Altos del Murco.app */;
			productType = "com.apple.product-type.application";
		};
/* End PBXNativeTarget section */

/* Begin PBXProject section */
		AC79A5452F5D117F00067833 /* Project object */ = {
			isa = PBXProject;
			attributes = {
				BuildIndependentTargetsInParallel = 1;
				LastSwiftUpdateCheck = 2620;
				LastUpgradeCheck = 2620;
				TargetAttributes = {
					AC52439C2FA18E2F0006A335 = {
						CreatedOnToolsVersion = 26.2;
					};
					AC79A54C2F5D117F00067833 = {
						CreatedOnToolsVersion = 26.2;
					};
				};
			};
			buildConfigurationList = AC79A5482F5D117F00067833 /* Build configuration list for PBXProject "Altos del Murco" */;
			developmentRegion = en;
			hasScannedForEncodings = 0;
			knownRegions = (
				en,
				Base,
			);
			mainGroup = AC79A5442F5D117F00067833;
			minimizedProjectReferenceProxies = 1;
			packageReferences = (
				AC3F21E62F6325DE002ED95D /* XCRemoteSwiftPackageReference "firebase-ios-sdk" */,
			);
			preferredProjectObjectVersion = 77;
			productRefGroup = AC79A54E2F5D117F00067833 /* Products */;
			projectDirPath = "";
			projectRoot = "";
			targets = (
				AC79A54C2F5D117F00067833 /* Altos del Murco */,
				AC52439C2FA18E2F0006A335 /* RouteWidgetExtensionExtension */,
			);
		};
/* End PBXProject section */

/* Begin PBXResourcesBuildPhase section */
		AC52439B2FA18E2F0006A335 /* Resources */ = {
			isa = PBXResourcesBuildPhase;
			buildActionMask = 2147483647;
			files = (
			);
			runOnlyForDeploymentPostprocessing = 0;
		};
		AC79A54B2F5D117F00067833 /* Resources */ = {
			isa = PBXResourcesBuildPhase;
			buildActionMask = 2147483647;
			files = (
			);
			runOnlyForDeploymentPostprocessing = 0;
		};
/* End PBXResourcesBuildPhase section */

/* Begin PBXSourcesBuildPhase section */
		AC5243992FA18E2F0006A335 /* Sources */ = {
			isa = PBXSourcesBuildPhase;
			buildActionMask = 2147483647;
			files = (
			);
			runOnlyForDeploymentPostprocessing = 0;
		};
		AC79A5492F5D117F00067833 /* Sources */ = {
			isa = PBXSourcesBuildPhase;
			buildActionMask = 2147483647;
			files = (
			);
			runOnlyForDeploymentPostprocessing = 0;
		};
/* End PBXSourcesBuildPhase section */

/* Begin PBXTargetDependency section */
		AC5243B12FA18E300006A335 /* PBXTargetDependency */ = {
			isa = PBXTargetDependency;
			target = AC52439C2FA18E2F0006A335 /* RouteWidgetExtensionExtension */;
			targetProxy = AC5243B02FA18E300006A335 /* PBXContainerItemProxy */;
		};
/* End PBXTargetDependency section */

/* Begin XCBuildConfiguration section */
		AC5243B52FA18E300006A335 /* Debug */ = {
			isa = XCBuildConfiguration;
			buildSettings = {
				ASSETCATALOG_COMPILER_GLOBAL_ACCENT_COLOR_NAME = AccentColor;
				ASSETCATALOG_COMPILER_WIDGET_BACKGROUND_COLOR_NAME = WidgetBackground;
				CODE_SIGN_STYLE = Automatic;
				CURRENT_PROJECT_VERSION = 1;
				DEVELOPMENT_TEAM = 5KDK28ZYPD;
				GENERATE_INFOPLIST_FILE = YES;
				INFOPLIST_FILE = RouteWidgetExtension/Info.plist;
				INFOPLIST_KEY_CFBundleDisplayName = RouteWidgetExtension;
				INFOPLIST_KEY_NSHumanReadableCopyright = "";
				LD_RUNPATH_SEARCH_PATHS = (
					"$(inherited)",
					"@executable_path/Frameworks",
					"@executable_path/../../Frameworks",
				);
				MARKETING_VERSION = 1.0;
				PRODUCT_BUNDLE_IDENTIFIER = "com.premierdarkcoffee.tourism.Altos-del-Murco.RouteWidgetExtension";
				PRODUCT_NAME = "$(TARGET_NAME)";
				SKIP_INSTALL = YES;
				STRING_CATALOG_GENERATE_SYMBOLS = YES;
				SWIFT_APPROACHABLE_CONCURRENCY = YES;
				SWIFT_EMIT_LOC_STRINGS = YES;
				SWIFT_UPCOMING_FEATURE_MEMBER_IMPORT_VISIBILITY = YES;
				SWIFT_VERSION = 5.0;
				TARGETED_DEVICE_FAMILY = "1,2";
			};
			name = Debug;
		};
		AC5243B62FA18E300006A335 /* Release */ = {
			isa = XCBuildConfiguration;
			buildSettings = {
				ASSETCATALOG_COMPILER_GLOBAL_ACCENT_COLOR_NAME = AccentColor;
				ASSETCATALOG_COMPILER_WIDGET_BACKGROUND_COLOR_NAME = WidgetBackground;
				CODE_SIGN_STYLE = Automatic;
				CURRENT_PROJECT_VERSION = 1;
				DEVELOPMENT_TEAM = 5KDK28ZYPD;
				GENERATE_INFOPLIST_FILE = YES;
				INFOPLIST_FILE = RouteWidgetExtension/Info.plist;
				INFOPLIST_KEY_CFBundleDisplayName = RouteWidgetExtension;
				INFOPLIST_KEY_NSHumanReadableCopyright = "";
				LD_RUNPATH_SEARCH_PATHS = (
					"$(inherited)",
					"@executable_path/Frameworks",
					"@executable_path/../../Frameworks",
				);
				MARKETING_VERSION = 1.0;
				PRODUCT_BUNDLE_IDENTIFIER = "com.premierdarkcoffee.tourism.Altos-del-Murco.RouteWidgetExtension";
				PRODUCT_NAME = "$(TARGET_NAME)";
				SKIP_INSTALL = YES;
				STRING_CATALOG_GENERATE_SYMBOLS = YES;
				SWIFT_APPROACHABLE_CONCURRENCY = YES;
				SWIFT_EMIT_LOC_STRINGS = YES;
				SWIFT_UPCOMING_FEATURE_MEMBER_IMPORT_VISIBILITY = YES;
				SWIFT_VERSION = 5.0;
				TARGETED_DEVICE_FAMILY = "1,2";
			};
			name = Release;
		};
		AC79A5562F5D118000067833 /* Debug */ = {
			isa = XCBuildConfiguration;
			buildSettings = {
				ALWAYS_SEARCH_USER_PATHS = NO;
				ASSETCATALOG_COMPILER_GENERATE_SWIFT_ASSET_SYMBOL_EXTENSIONS = YES;
				CLANG_ANALYZER_NONNULL = YES;
				CLANG_ANALYZER_NUMBER_OBJECT_CONVERSION = YES_AGGRESSIVE;
				CLANG_CXX_LANGUAGE_STANDARD = "gnu++20";
				CLANG_ENABLE_MODULES = YES;
				CLANG_ENABLE_OBJC_ARC = YES;
				CLANG_ENABLE_OBJC_WEAK = YES;
				CLANG_WARN_BLOCK_CAPTURE_AUTORELEASING = YES;
				CLANG_WARN_BOOL_CONVERSION = YES;
				CLANG_WARN_COMMA = YES;
				CLANG_WARN_CONSTANT_CONVERSION = YES;
				CLANG_WARN_DEPRECATED_OBJC_IMPLEMENTATIONS = YES;
				CLANG_WARN_DIRECT_OBJC_ISA_USAGE = YES_ERROR;
				CLANG_WARN_DOCUMENTATION_COMMENTS = YES;
				CLANG_WARN_EMPTY_BODY = YES;
				CLANG_WARN_ENUM_CONVERSION = YES;
				CLANG_WARN_INFINITE_RECURSION = YES;
				CLANG_WARN_INT_CONVERSION = YES;
				CLANG_WARN_NON_LITERAL_NULL_CONVERSION = YES;
				CLANG_WARN_OBJC_IMPLICIT_RETAIN_SELF = YES;
				CLANG_WARN_OBJC_LITERAL_CONVERSION = YES;
				CLANG_WARN_OBJC_ROOT_CLASS = YES_ERROR;
				CLANG_WARN_QUOTED_INCLUDE_IN_FRAMEWORK_HEADER = YES;
				CLANG_WARN_RANGE_LOOP_ANALYSIS = YES;
				CLANG_WARN_STRICT_PROTOTYPES = YES;
				CLANG_WARN_SUSPICIOUS_MOVE = YES;
				CLANG_WARN_UNGUARDED_AVAILABILITY = YES_AGGRESSIVE;
				CLANG_WARN_UNREACHABLE_CODE = YES;
				CLANG_WARN__DUPLICATE_METHOD_MATCH = YES;
				COPY_PHASE_STRIP = NO;
				DEBUG_INFORMATION_FORMAT = dwarf;
				ENABLE_STRICT_OBJC_MSGSEND = YES;
				ENABLE_TESTABILITY = YES;
				ENABLE_USER_SCRIPT_SANDBOXING = YES;
				GCC_C_LANGUAGE_STANDARD = gnu17;
				GCC_DYNAMIC_NO_PIC = NO;
				GCC_NO_COMMON_BLOCKS = YES;
				GCC_OPTIMIZATION_LEVEL = 0;
				GCC_PREPROCESSOR_DEFINITIONS = (
					"DEBUG=1",
					"$(inherited)",
				);
				GCC_WARN_64_TO_32_BIT_CONVERSION = YES;
				GCC_WARN_ABOUT_RETURN_TYPE = YES_ERROR;
				GCC_WARN_UNDECLARED_SELECTOR = YES;
				GCC_WARN_UNINITIALIZED_AUTOS = YES_AGGRESSIVE;
				GCC_WARN_UNUSED_FUNCTION = YES;
				GCC_WARN_UNUSED_VARIABLE = YES;
				IPHONEOS_DEPLOYMENT_TARGET = 26.2;
				LOCALIZATION_PREFERS_STRING_CATALOGS = YES;
				MTL_ENABLE_DEBUG_INFO = INCLUDE_SOURCE;
				MTL_FAST_MATH = YES;
				ONLY_ACTIVE_ARCH = YES;
				SDKROOT = iphoneos;
				SWIFT_ACTIVE_COMPILATION_CONDITIONS = "DEBUG $(inherited)";
				SWIFT_OPTIMIZATION_LEVEL = "-Onone";
			};
			name = Debug;
		};
		AC79A5572F5D118000067833 /* Release */ = {
			isa = XCBuildConfiguration;
			buildSettings = {
				ALWAYS_SEARCH_USER_PATHS = NO;
				ASSETCATALOG_COMPILER_GENERATE_SWIFT_ASSET_SYMBOL_EXTENSIONS = YES;
				CLANG_ANALYZER_NONNULL = YES;
				CLANG_ANALYZER_NUMBER_OBJECT_CONVERSION = YES_AGGRESSIVE;
				CLANG_CXX_LANGUAGE_STANDARD = "gnu++20";
				CLANG_ENABLE_MODULES = YES;
				CLANG_ENABLE_OBJC_ARC = YES;
				CLANG_ENABLE_OBJC_WEAK = YES;
				CLANG_WARN_BLOCK_CAPTURE_AUTORELEASING = YES;
				CLANG_WARN_BOOL_CONVERSION = YES;
				CLANG_WARN_COMMA = YES;
				CLANG_WARN_CONSTANT_CONVERSION = YES;
				CLANG_WARN_DEPRECATED_OBJC_IMPLEMENTATIONS = YES;
				CLANG_WARN_DIRECT_OBJC_ISA_USAGE = YES_ERROR;
				CLANG_WARN_DOCUMENTATION_COMMENTS = YES;
				CLANG_WARN_EMPTY_BODY = YES;
				CLANG_WARN_ENUM_CONVERSION = YES;
				CLANG_WARN_INFINITE_RECURSION = YES;
				CLANG_WARN_INT_CONVERSION = YES;
				CLANG_WARN_NON_LITERAL_NULL_CONVERSION = YES;
				CLANG_WARN_OBJC_IMPLICIT_RETAIN_SELF = YES;
				CLANG_WARN_OBJC_LITERAL_CONVERSION = YES;
				CLANG_WARN_OBJC_ROOT_CLASS = YES_ERROR;
				CLANG_WARN_QUOTED_INCLUDE_IN_FRAMEWORK_HEADER = YES;
				CLANG_WARN_RANGE_LOOP_ANALYSIS = YES;
				CLANG_WARN_STRICT_PROTOTYPES = YES;
				CLANG_WARN_SUSPICIOUS_MOVE = YES;
				CLANG_WARN_UNGUARDED_AVAILABILITY = YES_AGGRESSIVE;
				CLANG_WARN_UNREACHABLE_CODE = YES;
				CLANG_WARN__DUPLICATE_METHOD_MATCH = YES;
				COPY_PHASE_STRIP = NO;
				DEBUG_INFORMATION_FORMAT = "dwarf-with-dsym";
				ENABLE_NS_ASSERTIONS = NO;
				ENABLE_STRICT_OBJC_MSGSEND = YES;
				ENABLE_USER_SCRIPT_SANDBOXING = YES;
				GCC_C_LANGUAGE_STANDARD = gnu17;
				GCC_NO_COMMON_BLOCKS = YES;
				GCC_WARN_64_TO_32_BIT_CONVERSION = YES;
				GCC_WARN_ABOUT_RETURN_TYPE = YES_ERROR;
				GCC_WARN_UNDECLARED_SELECTOR = YES;
				GCC_WARN_UNINITIALIZED_AUTOS = YES_AGGRESSIVE;
				GCC_WARN_UNUSED_FUNCTION = YES;
				GCC_WARN_UNUSED_VARIABLE = YES;
				IPHONEOS_DEPLOYMENT_TARGET = 26.2;
				LOCALIZATION_PREFERS_STRING_CATALOGS = YES;
				MTL_ENABLE_DEBUG_INFO = NO;
				MTL_FAST_MATH = YES;
				SDKROOT = iphoneos;
				SWIFT_COMPILATION_MODE = wholemodule;
				VALIDATE_PRODUCT = YES;
			};
			name = Release;
		};
		AC79A5592F5D118000067833 /* Debug */ = {
			isa = XCBuildConfiguration;
			buildSettings = {
				ASSETCATALOG_COMPILER_APPICON_NAME = AppIcon;
				ASSETCATALOG_COMPILER_GLOBAL_ACCENT_COLOR_NAME = AccentColor;
				CODE_SIGN_ENTITLEMENTS = "Altos del Murco/Altos del Murco.entitlements";
				CODE_SIGN_STYLE = Automatic;
				CURRENT_PROJECT_VERSION = 3;
				DEVELOPMENT_TEAM = 5KDK28ZYPD;
				ENABLE_PREVIEWS = YES;
				GENERATE_INFOPLIST_FILE = YES;
				INFOPLIST_FILE = "Altos-del-Murco-Info.plist";
				INFOPLIST_KEY_CFBundleDisplayName = "Altos del Murco";
				INFOPLIST_KEY_LSApplicationCategoryType = "public.app-category.shopping";
				INFOPLIST_KEY_NSLocationAlwaysAndWhenInUseUsageDescription = "Usamos tu ubicación durante una ruta activa para mantener visible el progreso hacia Altos del Murco incluso si cambias de pantalla o bloqueas el iPhone.";
				INFOPLIST_KEY_NSLocationWhenInUseUsageDescription = "Usamos tu ubicación para calcular la ruta hasta Altos del Murco, mostrar tu posición en el mapa y actualizar el progreso mientras viajas.";
				INFOPLIST_KEY_NSSupportsLiveActivities = YES;
				INFOPLIST_KEY_NSSupportsLiveActivitiesFrequentUpdates = YES;
				INFOPLIST_KEY_UIApplicationSceneManifest_Generation = YES;
				INFOPLIST_KEY_UIApplicationSupportsIndirectInputEvents = YES;
				INFOPLIST_KEY_UILaunchScreen_Generation = YES;
				INFOPLIST_KEY_UISupportedInterfaceOrientations = UIInterfaceOrientationPortrait;
				INFOPLIST_KEY_UISupportedInterfaceOrientations_iPad = "UIInterfaceOrientationLandscapeLeft UIInterfaceOrientationLandscapeRight UIInterfaceOrientationPortrait UIInterfaceOrientationPortraitUpsideDown";
				IPHONEOS_DEPLOYMENT_TARGET = 17.0;
				LD_RUNPATH_SEARCH_PATHS = (
					"$(inherited)",
					"@executable_path/Frameworks",
				);
				MARKETING_VERSION = 1.0;
				PRODUCT_BUNDLE_IDENTIFIER = "com.premierdarkcoffee.tourism.Altos-del-Murco";
				PRODUCT_NAME = "$(TARGET_NAME)";
				STRING_CATALOG_GENERATE_SYMBOLS = YES;
				SUPPORTED_PLATFORMS = "iphoneos iphonesimulator";
				SUPPORTS_MACCATALYST = NO;
				SUPPORTS_MAC_DESIGNED_FOR_IPHONE_IPAD = NO;
				SUPPORTS_XR_DESIGNED_FOR_IPHONE_IPAD = NO;
				SWIFT_APPROACHABLE_CONCURRENCY = YES;
				SWIFT_DEFAULT_ACTOR_ISOLATION = MainActor;
				SWIFT_EMIT_LOC_STRINGS = YES;
				SWIFT_UPCOMING_FEATURE_MEMBER_IMPORT_VISIBILITY = YES;
				SWIFT_VERSION = 5.0;
				TARGETED_DEVICE_FAMILY = 1;
			};
			name = Debug;
		};
		AC79A55A2F5D118000067833 /* Release */ = {
			isa = XCBuildConfiguration;
			buildSettings = {
				ASSETCATALOG_COMPILER_APPICON_NAME = AppIcon;
				ASSETCATALOG_COMPILER_GLOBAL_ACCENT_COLOR_NAME = AccentColor;
				CODE_SIGN_ENTITLEMENTS = "Altos del Murco/Altos del Murco.entitlements";
				CODE_SIGN_STYLE = Automatic;
				CURRENT_PROJECT_VERSION = 3;
				DEVELOPMENT_TEAM = 5KDK28ZYPD;
				ENABLE_PREVIEWS = YES;
				GENERATE_INFOPLIST_FILE = YES;
				INFOPLIST_FILE = "Altos-del-Murco-Info.plist";
				INFOPLIST_KEY_CFBundleDisplayName = "Altos del Murco";
				INFOPLIST_KEY_LSApplicationCategoryType = "public.app-category.shopping";
				INFOPLIST_KEY_NSLocationAlwaysAndWhenInUseUsageDescription = "Usamos tu ubicación durante una ruta activa para mantener visible el progreso hacia Altos del Murco incluso si cambias de pantalla o bloqueas el iPhone.";
				INFOPLIST_KEY_NSLocationWhenInUseUsageDescription = "Usamos tu ubicación para calcular la ruta hasta Altos del Murco, mostrar tu posición en el mapa y actualizar el progreso mientras viajas.";
				INFOPLIST_KEY_NSSupportsLiveActivities = YES;
				INFOPLIST_KEY_NSSupportsLiveActivitiesFrequentUpdates = YES;
				INFOPLIST_KEY_UIApplicationSceneManifest_Generation = YES;
				INFOPLIST_KEY_UIApplicationSupportsIndirectInputEvents = YES;
				INFOPLIST_KEY_UILaunchScreen_Generation = YES;
				INFOPLIST_KEY_UISupportedInterfaceOrientations = UIInterfaceOrientationPortrait;
				INFOPLIST_KEY_UISupportedInterfaceOrientations_iPad = "UIInterfaceOrientationLandscapeLeft UIInterfaceOrientationLandscapeRight UIInterfaceOrientationPortrait UIInterfaceOrientationPortraitUpsideDown";
				IPHONEOS_DEPLOYMENT_TARGET = 17.0;
				LD_RUNPATH_SEARCH_PATHS = (
					"$(inherited)",
					"@executable_path/Frameworks",
				);
				MARKETING_VERSION = 1.0;
				PRODUCT_BUNDLE_IDENTIFIER = "com.premierdarkcoffee.tourism.Altos-del-Murco";
				PRODUCT_NAME = "$(TARGET_NAME)";
				STRING_CATALOG_GENERATE_SYMBOLS = YES;
				SUPPORTED_PLATFORMS = "iphoneos iphonesimulator";
				SUPPORTS_MACCATALYST = NO;
				SUPPORTS_MAC_DESIGNED_FOR_IPHONE_IPAD = NO;
				SUPPORTS_XR_DESIGNED_FOR_IPHONE_IPAD = NO;
				SWIFT_APPROACHABLE_CONCURRENCY = YES;
				SWIFT_DEFAULT_ACTOR_ISOLATION = MainActor;
				SWIFT_EMIT_LOC_STRINGS = YES;
				SWIFT_UPCOMING_FEATURE_MEMBER_IMPORT_VISIBILITY = YES;
				SWIFT_VERSION = 5.0;
				TARGETED_DEVICE_FAMILY = 1;
			};
			name = Release;
		};
/* End XCBuildConfiguration section */

/* Begin XCConfigurationList section */
		AC5243B42FA18E300006A335 /* Build configuration list for PBXNativeTarget "RouteWidgetExtensionExtension" */ = {
			isa = XCConfigurationList;
			buildConfigurations = (
				AC5243B52FA18E300006A335 /* Debug */,
				AC5243B62FA18E300006A335 /* Release */,
			);
			defaultConfigurationIsVisible = 0;
			defaultConfigurationName = Release;
		};
		AC79A5482F5D117F00067833 /* Build configuration list for PBXProject "Altos del Murco" */ = {
			isa = XCConfigurationList;
			buildConfigurations = (
				AC79A5562F5D118000067833 /* Debug */,
				AC79A5572F5D118000067833 /* Release */,
			);
			defaultConfigurationIsVisible = 0;
			defaultConfigurationName = Release;
		};
		AC79A5582F5D118000067833 /* Build configuration list for PBXNativeTarget "Altos del Murco" */ = {
			isa = XCConfigurationList;
			buildConfigurations = (
				AC79A5592F5D118000067833 /* Debug */,
				AC79A55A2F5D118000067833 /* Release */,
			);
			defaultConfigurationIsVisible = 0;
			defaultConfigurationName = Release;
		};
/* End XCConfigurationList section */

/* Begin XCRemoteSwiftPackageReference section */
		AC3F21E62F6325DE002ED95D /* XCRemoteSwiftPackageReference "firebase-ios-sdk" */ = {
			isa = XCRemoteSwiftPackageReference;
			repositoryURL = "https://github.com/firebase/firebase-ios-sdk";
			requirement = {
				kind = upToNextMajorVersion;
				minimumVersion = 12.10.0;
			};
		};
/* End XCRemoteSwiftPackageReference section */

/* Begin XCSwiftPackageProductDependency section */
		AC3F21E72F6325DE002ED95D /* FirebaseAuth */ = {
			isa = XCSwiftPackageProductDependency;
			package = AC3F21E62F6325DE002ED95D /* XCRemoteSwiftPackageReference "firebase-ios-sdk" */;
			productName = FirebaseAuth;
		};
		AC3F21E92F6325DE002ED95D /* FirebaseAuthCombine-Community */ = {
			isa = XCSwiftPackageProductDependency;
			package = AC3F21E62F6325DE002ED95D /* XCRemoteSwiftPackageReference "firebase-ios-sdk" */;
			productName = "FirebaseAuthCombine-Community";
		};
		AC3F21EB2F6325DE002ED95D /* FirebaseFirestore */ = {
			isa = XCSwiftPackageProductDependency;
			package = AC3F21E62F6325DE002ED95D /* XCRemoteSwiftPackageReference "firebase-ios-sdk" */;
			productName = FirebaseFirestore;
		};
		AC3F21ED2F6325DE002ED95D /* FirebaseFirestoreCombine-Community */ = {
			isa = XCSwiftPackageProductDependency;
			package = AC3F21E62F6325DE002ED95D /* XCRemoteSwiftPackageReference "firebase-ios-sdk" */;
			productName = "FirebaseFirestoreCombine-Community";
		};
		AC3F21EF2F6325DE002ED95D /* FirebaseStorage */ = {
			isa = XCSwiftPackageProductDependency;
			package = AC3F21E62F6325DE002ED95D /* XCRemoteSwiftPackageReference "firebase-ios-sdk" */;
			productName = FirebaseStorage;
		};
		AC3F21F12F6325DE002ED95D /* FirebaseStorageCombine-Community */ = {
			isa = XCSwiftPackageProductDependency;
			package = AC3F21E62F6325DE002ED95D /* XCRemoteSwiftPackageReference "firebase-ios-sdk" */;
			productName = "FirebaseStorageCombine-Community";
		};
		AC8E36402F6487C500AD647F /* FirebaseFunctions */ = {
			isa = XCSwiftPackageProductDependency;
			package = AC3F21E62F6325DE002ED95D /* XCRemoteSwiftPackageReference "firebase-ios-sdk" */;
			productName = FirebaseFunctions;
		};
		AC8E36422F6487CD00AD647F /* FirebaseFunctionsCombine-Community */ = {
			isa = XCSwiftPackageProductDependency;
			package = AC3F21E62F6325DE002ED95D /* XCRemoteSwiftPackageReference "firebase-ios-sdk" */;
			productName = "FirebaseFunctionsCombine-Community";
		};
/* End XCSwiftPackageProductDependency section */
	};
	rootObject = AC79A5452F5D117F00067833 /* Project object */;
}
